
Microsoft Visual Studio Solution File, Format Version 12.00
# Visual Studio 15
VisualStudioVersion = 15.0.26403.7
MinimumVisualStudioVersion = 10.0.40219.1
Project("{9A19103F-16F7-4668-BE54-9A1E7A4F7556}") = "HelloWorld", "HelloWorld\HelloWorld.csproj", "{12B9D3B9-5AA9-43F9-A5A2-593F55A5D1CB}"
EndProject
Project("{9A19103F-16F7-4668-BE54-9A1E7A4F7556}") = "DataTypes", "DataTypes\DataTypes.csproj", "{8546C3A4-DB28-4702-92E0-7E060D7365E4}"
EndProject
Project("{9A19103F-16F7-4668-BE54-9A1E7A4F7556}") = "MealCost", "MealCost\MealCost.csproj", "{4EEE2E56-407C-4C4A-AADD-45B47877ACBC}"
EndProject
Project("{FAE04EC0-301F-11D3-BF4B-00C04F79EFBC}") = "BusinessLayer", "BusinessLayer\BusinessLayer.csproj", "{ED86D885-F705-4F64-94D1-DCB2188ECD8E}"
EndProject
Project("{FAE04EC0-301F-11D3-BF4B-00C04F79EFBC}") = "DesignPatterns", "DesignPatterns\DesignPatterns.csproj", "{6EF3EC5E-C5BC-4A10-9219-EBEB24EA7805}"
EndProject
Project("{FAE04EC0-301F-11D3-BF4B-00C04F79EFBC}") = "DesignPatternsTest", "DesignPatternsTest\DesignPatternsTest.csproj", "{B7FCB660-8CF1-4C7F-A7B2-DAD21E46978C}"
EndProject
Project("{FAE04EC0-301F-11D3-BF4B-00C04F79EFBC}") = "ScratchPad", "ScratchPad\ScratchPad.csproj", "{DFC68D78-2BF7-4B8E-909E-E122CCCAF552}"
EndProject
Global
	GlobalSection(SolutionConfigurationPlatforms) = preSolution
		Debug|Any CPU = Debug|Any CPU
		Release|Any CPU = Release|Any CPU
	EndGlobalSection
	GlobalSection(ProjectConfigurationPlatforms) = postSolution
		{12B9D3B9-5AA9-43F9-A5A2-593F55A5D1CB}.Debug|Any CPU.ActiveCfg = Debug|Any CPU
		{12B9D3B9-5AA9-43F9-A5A2-593F55A5D1CB}.Debug|Any CPU.Build.0 = Debug|Any CPU
		{12B9D3B9-5AA9-43F9-A5A2-593F55A5D1CB}.Release|Any CPU.ActiveCfg = Release|Any CPU
		{12B9D3B9-5AA9-43F9-A5A2-593F55A5D1CB}.Release|Any CPU.Build.0 = Release|Any CPU
		{8546C3A4-DB28-4702-92E0-7E060D7365E4}.Debug|Any CPU.ActiveCfg = Debug|Any CPU
		{8546C3A4-DB28-4702-92E0-7E060D7365E4}.Debug|Any CPU.Build.0 = Debug|Any CPU
		{8546C3A4-DB28-4702-92E0-7E060D7365E4}.Release|Any CPU.ActiveCfg = Release|Any CPU
		{8546C3A4-DB28-4702-92E0-7E060D7365E4}.Release|Any CPU.Build.0 = Release|Any CPU
		{4EEE2E56-407C-4C4A-AADD-45B47877ACBC}.Debug|Any CPU.ActiveCfg = Debug|Any CPU
		{4EEE2E56-407C-4C4A-AADD-45B47877ACBC}.Debug|Any CPU.Build.0 = Debug|Any CPU
		{4EEE2E56-407C-4C4A-AADD-45B47877ACBC}.Release|Any CPU.ActiveCfg = Release|Any CPU
		{4EEE2E56-407C-4C4A-AADD-45B47877ACBC}.Release|Any CPU.Build.0 = Release|Any CPU
		{ED86D885-F705-4F64-94D1-DCB2188ECD8E}.Debug|Any CPU.ActiveCfg = Debug|Any CPU
		{ED86D885-F705-4F64-94D1-DCB2188ECD8E}.Debug|Any CPU.Build.0 = Debug|Any CPU
		{ED86D885-F705-4F64-94D1-DCB2188ECD8E}.Release|Any CPU.ActiveCfg = Release|Any CPU
		{ED86D885-F705-4F64-94D1-DCB2188ECD8E}.Release|Any CPU.Build.0 = Release|Any CPU
		{6EF3EC5E-C5BC-4A10-9219-EBEB24EA7805}.Debug|Any CPU.ActiveCfg = Debug|Any CPU
		{6EF3EC5E-C5BC-4A10-9219-EBEB24EA7805}.Debug|Any CPU.Build.0 = Debug|Any CPU
		{6EF3EC5E-C5BC-4A10-9219-EBEB24EA7805}.Release|Any CPU.ActiveCfg = Release|Any CPU
		{6EF3EC5E-C5BC-4A10-9219-EBEB24EA7805}.Release|Any CPU.Build.0 = Release|Any CPU
		{B7FCB660-8CF1-4C7F-A7B2-DAD21E46978C}.Debug|Any CPU.ActiveCfg = Debug|Any CPU
		{B7FCB660-8CF1-4C7F-A7B2-DAD21E46978C}.Debug|Any CPU.Build.0 = Debug|Any CPU
		{B7FCB660-8CF1-4C7F-A7B2-DAD21E46978C}.Release|Any CPU.ActiveCfg = Release|Any CPU
		{B7FCB660-8CF1-4C7F-A7B2-DAD21E46978C}.Release|Any CPU.Build.0 = Release|Any CPU
		{DFC68D78-2BF7-4B8E-909E-E122CCCAF552}.Debug|Any CPU.ActiveCfg = Debug|Any CPU
		{DFC68D78-2BF7-4B8E-909E-E122CCCAF552}.Debug|Any CPU.Build.0 = Debug|Any CPU
		{DFC68D78-2BF7-4B8E-909E-E122CCCAF552}.Release|Any CPU.ActiveCfg = Release|Any CPU
		{DFC68D78-2BF7-4B8E-909E-E122CCCAF552}.Release|Any CPU.Build.0 = Release|Any CPU
	EndGlobalSection
	GlobalSection(SolutionProperties) = preSolution
		HideSolutionNode = FALSE
	EndGlobalSection
EndGlobal
